
Microsoft Visual Studio Solution File, Format Version 12.00
# Visual Studio Version 16
VisualStudioVersion = 16.0.31129.286
MinimumVisualStudioVersion = 10.0.40219.1
Project("{FAE04EC0-301F-11D3-BF4B-00C04F79EFBC}") = "ClickDefend", "ClickDefend.csproj", "{0F1C2269-3B14-4D12-A8C2-5356A25B1E99}"
EndProject
Global
	GlobalSection(SolutionConfigurationPlatforms) = preSolution
		Debug|Any CPU = Debug|Any CPU
		Release|Any CPU = Release|Any CPU
	EndGlobalSection
	GlobalSection(ProjectConfigurationPlatforms) = postSolution
		{0F1C2269-3B14-4D12-A8C2-5356A25B1E99}.Debug|Any CPU.ActiveCfg = Debug|Any CPU
		{0F1C2269-3B14-4D12-A8C2-5356A25B1E99}.Debug|Any CPU.Build.0 = Debug|Any CPU
		{0F1C2269-3B14-4D12-A8C2-5356A25B1E99}.Release|Any CPU.ActiveCfg = Release|Any CPU
		{0F1C2269-3B14-4D12-A8C2-5356A25B1E99}.Release|Any CPU.Build.0 = Release|Any CPU
	EndGlobalSection
	GlobalSection(SolutionProperties) = preSolution
		HideSolutionNode = FALSE
	EndGlobalSection
	GlobalSection(ExtensibilityGlobals) = postSolution
		SolutionGuid = {25DE8B0F-0771-47C6-AE71-BB5005C9FB74}
	EndGlobalSection
EndGlobal
